# This file is autogenerated, do not edit; changes may be undone by the next 'dep ensure'.


[[projects]]
  branch = "master"
  digest = "1:6978a38432a017763a148afbc7ce6491734b54292af7d3e969d84d2e9dd242e2"
  name = "github.com/Azure/go-ansiterm"
  packages = [
    ".",
    "winterm",
  ]
  pruneopts = ""
  revision = "d6e3b3328b783f23731bc4d058875b0371ff8109"

[[projects]]
  branch = "master"
  digest = "1:d7e0d86d20244b1f29723ae21915ac5407b8a2892c15a58b42d3628ed0ca79c1"
  name = "github.com/docker/docker"
  packages = ["pkg/term"]
  pruneopts = ""
  revision = "03a07af6def280d77dab18782fca3fceb6784743"

[[projects]]
  digest = "1:9fe25c9fe60acfa94bafa1807a8c51fa043f38e87053bc0d7e98c3c0e2422080"
  name = "github.com/docker/machine"
  packages = [
    "libmachine/drivers",
    "libmachine/drivers/plugin",
    "libmachine/drivers/plugin/localbinary",
    "libmachine/drivers/rpc",
    "libmachine/log",
    "libmachine/mcnflag",
    "libmachine/mcnutils",
    "libmachine/ssh",
    "libmachine/state",
    "libmachine/version",
    "version",
  ]
  pruneopts = ""
  revision = "bd45ab13d88c32a3dd701485983354514abc41fa"
  version = "v0.16.2"

[[projects]]
  branch = "master"
  digest = "1:d1e41eacf3faef84dfec71a558b9fcea9c53784dfd96fbf6b4cb3cc139ed5e1c"
  name = "github.com/dutangp/go-cloudstack"
  packages = ["cloudstack"]
  pruneopts = ""
  revision = "37a9761714ec539a933d358671af4368f472f683"

[[projects]]
  branch = "master"
  digest = "1:2398c5e3765038a6a8c888934bbdc0dcaefa19aaeb7a1ff1b130527053b4460a"
  name = "github.com/moby/term"
  packages = [
    ".",
    "windows",
  ]
  pruneopts = ""
  revision = "df9cb8a406352e9543f2b7cae1c8579b51b8013e"

[[projects]]
  digest = "1:c45802472e0c06928cd997661f2af610accd85217023b1d5f6331bebce0671d3"
  name = "github.com/pkg/errors"
  packages = ["."]
  pruneopts = ""
  revision = "614d223910a179a466c1767a985424175c39b465"
  version = "v0.9.1"

[[projects]]
  branch = "master"
  digest = "1:7a5d6bb15ac812fb9a875d4af643da0909e74a56148124511eb782ec848286cc"
  name = "golang.org/x/crypto"
  packages = [
    "blowfish",
    "chacha20",
    "curve25519",
    "ed25519",
    "ed25519/internal/edwards25519",
    "internal/subtle",
    "poly1305",
    "ssh",
    "ssh/internal/bcrypt_pbkdf",
    "ssh/terminal",
  ]
  pruneopts = ""
  revision = "5ea612d1eb830b38bc4e914e37f55311eb58adce"

[[projects]]
  branch = "master"
  digest = "1:0a509985e0c7b62bfebe51532e665aaa46cbcfdd19251c0712709a7d002a4846"
  name = "golang.org/x/sys"
  packages = [
    "cpu",
    "internal/unsafeheader",
    "plan9",
    "unix",
    "windows",
  ]
  pruneopts = ""
  revision = "8fe3ee5dd75b278632199a2614e4eac8235af0d0"

[[projects]]
  branch = "master"
  digest = "1:a67aa4df296910aef0b97509d88b4a962e42624a2f2101c21c5674275844edf8"
  name = "golang.org/x/term"
  packages = ["."]
  pruneopts = ""
  revision = "6a3ed077a48de71621ad530f9078fffa0bc0ce32"

[solve-meta]
  analyzer-name = "dep"
  analyzer-version = 1
  input-imports = [
    "github.com/docker/machine/libmachine/drivers",
    "github.com/docker/machine/libmachine/drivers/plugin",
    "github.com/docker/machine/libmachine/log",
    "github.com/docker/machine/libmachine/mcnflag",
    "github.com/docker/machine/libmachine/ssh",
    "github.com/docker/machine/libmachine/state",
    "github.com/dutangp/go-cloudstack/cloudstack",
    "github.com/pkg/errors",
  ]
  solver-name = "gps-cdcl"
  solver-version = 1
